// !$*UTF8*$!
{
	archiveVersion = 1;
	classes = {
	};
	objectVersion = 56;
	objects = {

/* Begin PBXBuildFile section */
		1199F7562CC6959E003D2AA0 /* WorldClockApp.swift in Sources */ = {isa = PBXBuildFile; fileRef = 1199F7552CC6959E003D2AA0 /* WorldClockApp.swift */; };
		1199F7582CC6959E003D2AA0 /* ContentView.swift in Sources */ = {isa = PBXBuildFile; fileRef = 1199F7572CC6959E003D2AA0 /* ContentView.swift */; };
		1199F75A2CC6959F003D2AA0 /* Assets.xcassets in Resources */ = {isa = PBXBuildFile; fileRef = 1199F7592CC6959F003D2AA0 /* Assets.xcassets */; };
		1199F75D2CC6959F003D2AA0 /* Preview Assets.xcassets in Resources */ = {isa = PBXBuildFile; fileRef = 1199F75C2CC6959F003D2AA0 /* Preview Assets.xcassets */; };
		11C1CFEE2CC8175600B4D73F /* NewTimeView.swift in Sources */ = {isa = PBXBuildFile; fileRef = 11C1CFED2CC8175600B4D73F /* NewTimeView.swift */; };
		11C1CFF02CC8233400B4D73F /* ContentViewModel.swift in Sources */ = {isa = PBXBuildFile; fileRef = 11C1CFEF2CC8233400B4D73F /* ContentViewModel.swift */; };
		11C1CFF22CE36EE800B4D73F /* NewTimeViewModel.swift in Sources */ = {isa = PBXBuildFile; fileRef = 11C1CFF12CE36EE800B4D73F /* NewTimeViewModel.swift */; };
		11C1CFF42CE36F0800B4D73F /* TimeZoneExtention.swift in Sources */ = {isa = PBXBuildFile; fileRef = 11C1CFF32CE36F0800B4D73F /* TimeZoneExtention.swift */; };
		11C1CFF92CE37ADA00B4D73F /* Navigation.swift in Sources */ = {isa = PBXBuildFile; fileRef = 11C1CFF82CE37ADA00B4D73F /* Navigation.swift */; };
/* End PBXBuildFile section */

/* Begin PBXFileReference section */
		1199F7522CC6959E003D2AA0 /* WorldClock.app */ = {isa = PBXFileReference; explicitFileType = wrapper.application; includeInIndex = 0; path = WorldClock.app; sourceTree = BUILT_PRODUCTS_DIR; };
		1199F7552CC6959E003D2AA0 /* WorldClockApp.swift */ = {isa = PBXFileReference; lastKnownFileType = sourcecode.swift; path = WorldClockApp.swift; sourceTree = "<group>"; };
		1199F7572CC6959E003D2AA0 /* ContentView.swift */ = {isa = PBXFileReference; lastKnownFileType = sourcecode.swift; path = ContentView.swift; sourceTree = "<group>"; };
		1199F7592CC6959F003D2AA0 /* Assets.xcassets */ = {isa = PBXFileReference; lastKnownFileType = folder.assetcatalog; path = Assets.xcassets; sourceTree = "<group>"; };
		1199F75C2CC6959F003D2AA0 /* Preview Assets.xcassets */ = {isa = PBXFileReference; lastKnownFileType = folder.assetcatalog; path = "Preview Assets.xcassets"; sourceTree = "<group>"; };
		11C1CFED2CC8175600B4D73F /* NewTimeView.swift */ = {isa = PBXFileReference; lastKnownFileType = sourcecode.swift; path = NewTimeView.swift; sourceTree = "<group>"; };
		11C1CFEF2CC8233400B4D73F /* ContentViewModel.swift */ = {isa = PBXFileReference; lastKnownFileType = sourcecode.swift; path = ContentViewModel.swift; sourceTree = "<group>"; };
		11C1CFF12CE36EE800B4D73F /* NewTimeViewModel.swift */ = {isa = PBXFileReference; lastKnownFileType = sourcecode.swift; path = NewTimeViewModel.swift; sourceTree = "<group>"; };
		11C1CFF32CE36F0800B4D73F /* TimeZoneExtention.swift */ = {isa = PBXFileReference; lastKnownFileType = sourcecode.swift; path = TimeZoneExtention.swift; sourceTree = "<group>"; };
		11C1CFF82CE37ADA00B4D73F /* Navigation.swift */ = {isa = PBXFileReference; lastKnownFileType = sourcecode.swift; path = Navigation.swift; sourceTree = "<group>"; };
/* End PBXFileReference section */

/* Begin PBXFrameworksBuildPhase section */
		1199F74F2CC6959E003D2AA0 /* Frameworks */ = {
			isa = PBXFrameworksBuildPhase;
			buildActionMask = 2147483647;
			files = (
			);
			runOnlyForDeploymentPostprocessing = 0;
		};
/* End PBXFrameworksBuildPhase section */

/* Begin PBXGroup section */
		1199F7492CC6959E003D2AA0 = {
			isa = PBXGroup;
			children = (
				1199F7542CC6959E003D2AA0 /* WorldClock */,
				1199F7532CC6959E003D2AA0 /* Products */,
			);
			sourceTree = "<group>";
		};
		1199F7532CC6959E003D2AA0 /* Products */ = {
			isa = PBXGroup;
			children = (
				1199F7522CC6959E003D2AA0 /* WorldClock.app */,
			);
			name = Products;
			sourceTree = "<group>";
		};
		1199F7542CC6959E003D2AA0 /* WorldClock */ = {
			isa = PBXGroup;
			children = (
				11C1CFF72CE3720000B4D73F /* ViewModels */,
				11C1CFF62CE371EE00B4D73F /* Extensions */,
				11C1CFF52CE371DF00B4D73F /* Views */,
				1199F7552CC6959E003D2AA0 /* WorldClockApp.swift */,
				1199F7592CC6959F003D2AA0 /* Assets.xcassets */,
				1199F75B2CC6959F003D2AA0 /* Preview Content */,
				11C1CFF82CE37ADA00B4D73F /* Navigation.swift */,
			);
			path = WorldClock;
			sourceTree = "<group>";
		};
		1199F75B2CC6959F003D2AA0 /* Preview Content */ = {
			isa = PBXGroup;
			children = (
				1199F75C2CC6959F003D2AA0 /* Preview Assets.xcassets */,
			);
			path = "Preview Content";
			sourceTree = "<group>";
		};
		11C1CFF52CE371DF00B4D73F /* Views */ = {
			isa = PBXGroup;
			children = (
				11C1CFED2CC8175600B4D73F /* NewTimeView.swift */,
				1199F7572CC6959E003D2AA0 /* ContentView.swift */,
			);
			path = Views;
			sourceTree = "<group>";
		};
		11C1CFF62CE371EE00B4D73F /* Extensions */ = {
			isa = PBXGroup;
			children = (
				11C1CFF32CE36F0800B4D73F /* TimeZoneExtention.swift */,
			);
			path = Extensions;
			sourceTree = "<group>";
		};
		11C1CFF72CE3720000B4D73F /* ViewModels */ = {
			isa = PBXGroup;
			children = (
				11C1CFF12CE36EE800B4D73F /* NewTimeViewModel.swift */,
				11C1CFEF2CC8233400B4D73F /* ContentViewModel.swift */,
			);
			path = ViewModels;
			sourceTree = "<group>";
		};
/* End PBXGroup section */

/* Begin PBXNativeTarget section */
		1199F7512CC6959E003D2AA0 /* WorldClock */ = {
			isa = PBXNativeTarget;
			buildConfigurationList = 1199F7602CC6959F003D2AA0 /* Build configuration list for PBXNativeTarget "WorldClock" */;
			buildPhases = (
				1199F74E2CC6959E003D2AA0 /* Sources */,
				1199F74F2CC6959E003D2AA0 /* Frameworks */,
				1199F7502CC6959E003D2AA0 /* Resources */,
			);
			buildRules = (
			);
			dependencies = (
			);
			name = WorldClock;
			productName = WorldClock;
			productReference = 1199F7522CC6959E003D2AA0 /* WorldClock.app */;
			productType = "com.apple.product-type.application";
		};
/* End PBXNativeTarget section */

/* Begin PBXProject section */
		1199F74A2CC6959E003D2AA0 /* Project object */ = {
			isa = PBXProject;
			attributes = {
				BuildIndependentTargetsInParallel = 1;
				LastSwiftUpdateCheck = 1520;
				LastUpgradeCheck = 1520;
				TargetAttributes = {
					1199F7512CC6959E003D2AA0 = {
						CreatedOnToolsVersion = 15.2;
					};
				};
			};
			buildConfigurationList = 1199F74D2CC6959E003D2AA0 /* Build configuration list for PBXProject "WorldClock" */;
			compatibilityVersion = "Xcode 14.0";
			developmentRegion = en;
			hasScannedForEncodings = 0;
			knownRegions = (
				en,
				Base,
			);
			mainGroup = 1199F7492CC6959E003D2AA0;
			productRefGroup = 1199F7532CC6959E003D2AA0 /* Products */;
			projectDirPath = "";
			projectRoot = "";
			targets = (
				1199F7512CC6959E003D2AA0 /* WorldClock */,
			);
		};
/* End PBXProject section */

/* Begin PBXResourcesBuildPhase section */
		1199F7502CC6959E003D2AA0 /* Resources */ = {
			isa = PBXResourcesBuildPhase;
			buildActionMask = 2147483647;
			files = (
				1199F75D2CC6959F003D2AA0 /* Preview Assets.xcassets in Resources */,
				1199F75A2CC6959F003D2AA0 /* Assets.xcassets in Resources */,
			);
			runOnlyForDeploymentPostprocessing = 0;
		};
/* End PBXResourcesBuildPhase section */

/* Begin PBXSourcesBuildPhase section */
		1199F74E2CC6959E003D2AA0 /* Sources */ = {
			isa = PBXSourcesBuildPhase;
			buildActionMask = 2147483647;
			files = (
				1199F7582CC6959E003D2AA0 /* ContentView.swift in Sources */,
				11C1CFF22CE36EE800B4D73F /* NewTimeViewModel.swift in Sources */,
				11C1CFF92CE37ADA00B4D73F /* Navigation.swift in Sources */,
				1199F7562CC6959E003D2AA0 /* WorldClockApp.swift in Sources */,
				11C1CFF02CC8233400B4D73F /* ContentViewModel.swift in Sources */,
				11C1CFEE2CC8175600B4D73F /* NewTimeView.swift in Sources */,
				11C1CFF42CE36F0800B4D73F /* TimeZoneExtention.swift in Sources */,
			);
			runOnlyForDeploymentPostprocessing = 0;
		};
/* End PBXSourcesBuildPhase section */

/* Begin XCBuildConfiguration section */
		1199F75E2CC6959F003D2AA0 /* Debug */ = {
			isa = XCBuildConfiguration;
			buildSettings = {
				ALWAYS_SEARCH_USER_PATHS = NO;
				ASSETCATALOG_COMPILER_GENERATE_SWIFT_ASSET_SYMBOL_EXTENSIONS = YES;
				CLANG_ANALYZER_NONNULL = YES;
				CLANG_ANALYZER_NUMBER_OBJECT_CONVERSION = YES_AGGRESSIVE;
				CLANG_CXX_LANGUAGE_STANDARD = "gnu++20";
				CLANG_ENABLE_MODULES = YES;
				CLANG_ENABLE_OBJC_ARC = YES;
				CLANG_ENABLE_OBJC_WEAK = YES;
				CLANG_WARN_BLOCK_CAPTURE_AUTORELEASING = YES;
				CLANG_WARN_BOOL_CONVERSION = YES;
				CLANG_WARN_COMMA = YES;
				CLANG_WARN_CONSTANT_CONVERSION = YES;
				CLANG_WARN_DEPRECATED_OBJC_IMPLEMENTATIONS = YES;
				CLANG_WARN_DIRECT_OBJC_ISA_USAGE = YES_ERROR;
				CLANG_WARN_DOCUMENTATION_COMMENTS = YES;
				CLANG_WARN_EMPTY_BODY = YES;
				CLANG_WARN_ENUM_CONVERSION = YES;
				CLANG_WARN_INFINITE_RECURSION = YES;
				CLANG_WARN_INT_CONVERSION = YES;
				CLANG_WARN_NON_LITERAL_NULL_CONVERSION = YES;
				CLANG_WARN_OBJC_IMPLICIT_RETAIN_SELF = YES;
				CLANG_WARN_OBJC_LITERAL_CONVERSION = YES;
				CLANG_WARN_OBJC_ROOT_CLASS = YES_ERROR;
				CLANG_WARN_QUOTED_INCLUDE_IN_FRAMEWORK_HEADER = YES;
				CLANG_WARN_RANGE_LOOP_ANALYSIS = YES;
				CLANG_WARN_STRICT_PROTOTYPES = YES;
				CLANG_WARN_SUSPICIOUS_MOVE = YES;
				CLANG_WARN_UNGUARDED_AVAILABILITY = YES_AGGRESSIVE;
				CLANG_WARN_UNREACHABLE_CODE = YES;
				CLANG_WARN__DUPLICATE_METHOD_MATCH = YES;
				COPY_PHASE_STRIP = NO;
				DEBUG_INFORMATION_FORMAT = dwarf;
				ENABLE_STRICT_OBJC_MSGSEND = YES;
				ENABLE_TESTABILITY = YES;
				ENABLE_USER_SCRIPT_SANDBOXING = YES;
				GCC_C_LANGUAGE_STANDARD = gnu17;
				GCC_DYNAMIC_NO_PIC = NO;
				GCC_NO_COMMON_BLOCKS = YES;
				GCC_OPTIMIZATION_LEVEL = 0;
				GCC_PREPROCESSOR_DEFINITIONS = (
					"DEBUG=1",
					"$(inherited)",
				);
				GCC_WARN_64_TO_32_BIT_CONVERSION = YES;
				GCC_WARN_ABOUT_RETURN_TYPE = YES_ERROR;
				GCC_WARN_UNDECLARED_SELECTOR = YES;
				GCC_WARN_UNINITIALIZED_AUTOS = YES_AGGRESSIVE;
				GCC_WARN_UNUSED_FUNCTION = YES;
				GCC_WARN_UNUSED_VARIABLE = YES;
				IPHONEOS_DEPLOYMENT_TARGET = 17.2;
				LOCALIZATION_PREFERS_STRING_CATALOGS = YES;
				MTL_ENABLE_DEBUG_INFO = INCLUDE_SOURCE;
				MTL_FAST_MATH = YES;
				ONLY_ACTIVE_ARCH = YES;
				SDKROOT = iphoneos;
				SWIFT_ACTIVE_COMPILATION_CONDITIONS = "DEBUG $(inherited)";
				SWIFT_OPTIMIZATION_LEVEL = "-Onone";
			};
			name = Debug;
		};
		1199F75F2CC6959F003D2AA0 /* Release */ = {
			isa = XCBuildConfiguration;
			buildSettings = {
				ALWAYS_SEARCH_USER_PATHS = NO;
				ASSETCATALOG_COMPILER_GENERATE_SWIFT_ASSET_SYMBOL_EXTENSIONS = YES;
				CLANG_ANALYZER_NONNULL = YES;
				CLANG_ANALYZER_NUMBER_OBJECT_CONVERSION = YES_AGGRESSIVE;
				CLANG_CXX_LANGUAGE_STANDARD = "gnu++20";
				CLANG_ENABLE_MODULES = YES;
				CLANG_ENABLE_OBJC_ARC = YES;
				CLANG_ENABLE_OBJC_WEAK = YES;
				CLANG_WARN_BLOCK_CAPTURE_AUTORELEASING = YES;
				CLANG_WARN_BOOL_CONVERSION = YES;
				CLANG_WARN_COMMA = YES;
				CLANG_WARN_CONSTANT_CONVERSION = YES;
				CLANG_WARN_DEPRECATED_OBJC_IMPLEMENTATIONS = YES;
				CLANG_WARN_DIRECT_OBJC_ISA_USAGE = YES_ERROR;
				CLANG_WARN_DOCUMENTATION_COMMENTS = YES;
				CLANG_WARN_EMPTY_BODY = YES;
				CLANG_WARN_ENUM_CONVERSION = YES;
				CLANG_WARN_INFINITE_RECURSION = YES;
				CLANG_WARN_INT_CONVERSION = YES;
				CLANG_WARN_NON_LITERAL_NULL_CONVERSION = YES;
				CLANG_WARN_OBJC_IMPLICIT_RETAIN_SELF = YES;
				CLANG_WARN_OBJC_LITERAL_CONVERSION = YES;
				CLANG_WARN_OBJC_ROOT_CLASS = YES_ERROR;
				CLANG_WARN_QUOTED_INCLUDE_IN_FRAMEWORK_HEADER = YES;
				CLANG_WARN_RANGE_LOOP_ANALYSIS = YES;
				CLANG_WARN_STRICT_PROTOTYPES = YES;
				CLANG_WARN_SUSPICIOUS_MOVE = YES;
				CLANG_WARN_UNGUARDED_AVAILABILITY = YES_AGGRESSIVE;
				CLANG_WARN_UNREACHABLE_CODE = YES;
				CLANG_WARN__DUPLICATE_METHOD_MATCH = YES;
				COPY_PHASE_STRIP = NO;
				DEBUG_INFORMATION_FORMAT = "dwarf-with-dsym";
				ENABLE_NS_ASSERTIONS = NO;
				ENABLE_STRICT_OBJC_MSGSEND = YES;
				ENABLE_USER_SCRIPT_SANDBOXING = YES;
				GCC_C_LANGUAGE_STANDARD = gnu17;
				GCC_NO_COMMON_BLOCKS = YES;
				GCC_WARN_64_TO_32_BIT_CONVERSION = YES;
				GCC_WARN_ABOUT_RETURN_TYPE = YES_ERROR;
				GCC_WARN_UNDECLARED_SELECTOR = YES;
				GCC_WARN_UNINITIALIZED_AUTOS = YES_AGGRESSIVE;
				GCC_WARN_UNUSED_FUNCTION = YES;
				GCC_WARN_UNUSED_VARIABLE = YES;
				IPHONEOS_DEPLOYMENT_TARGET = 17.2;
				LOCALIZATION_PREFERS_STRING_CATALOGS = YES;
				MTL_ENABLE_DEBUG_INFO = NO;
				MTL_FAST_MATH = YES;
				SDKROOT = iphoneos;
				SWIFT_COMPILATION_MODE = wholemodule;
				VALIDATE_PRODUCT = YES;
			};
			name = Release;
		};
		1199F7612CC6959F003D2AA0 /* Debug */ = {
			isa = XCBuildConfiguration;
			buildSettings = {
				ASSETCATALOG_COMPILER_APPICON_NAME = AppIcon;
				ASSETCATALOG_COMPILER_GLOBAL_ACCENT_COLOR_NAME = AccentColor;
				CODE_SIGN_STYLE = Automatic;
				CURRENT_PROJECT_VERSION = 1;
				DEVELOPMENT_ASSET_PATHS = "\"WorldClock/Preview Content\"";
				DEVELOPMENT_TEAM = WY6RU5YZ2H;
				ENABLE_PREVIEWS = YES;
				GENERATE_INFOPLIST_FILE = YES;
				INFOPLIST_KEY_UIApplicationSceneManifest_Generation = YES;
				INFOPLIST_KEY_UIApplicationSupportsIndirectInputEvents = YES;
				INFOPLIST_KEY_UILaunchScreen_Generation = YES;
				INFOPLIST_KEY_UISupportedInterfaceOrientations_iPad = "UIInterfaceOrientationPortrait UIInterfaceOrientationPortraitUpsideDown UIInterfaceOrientationLandscapeLeft UIInterfaceOrientationLandscapeRight";
				INFOPLIST_KEY_UISupportedInterfaceOrientations_iPhone = "UIInterfaceOrientationPortrait UIInterfaceOrientationLandscapeLeft UIInterfaceOrientationLandscapeRight";
				LD_RUNPATH_SEARCH_PATHS = (
					"$(inherited)",
					"@executable_path/Frameworks",
				);
				MARKETING_VERSION = 1.0;
				PRODUCT_BUNDLE_IDENTIFIER = mgazizova.WorldClock;
				PRODUCT_NAME = "$(TARGET_NAME)";
				SWIFT_EMIT_LOC_STRINGS = YES;
				SWIFT_VERSION = 5.0;
				TARGETED_DEVICE_FAMILY = "1,2";
			};
			name = Debug;
		};
		1199F7622CC6959F003D2AA0 /* Release */ = {
			isa = XCBuildConfiguration;
			buildSettings = {
				ASSETCATALOG_COMPILER_APPICON_NAME = AppIcon;
				ASSETCATALOG_COMPILER_GLOBAL_ACCENT_COLOR_NAME = AccentColor;
				CODE_SIGN_STYLE = Automatic;
				CURRENT_PROJECT_VERSION = 1;
				DEVELOPMENT_ASSET_PATHS = "\"WorldClock/Preview Content\"";
				DEVELOPMENT_TEAM = WY6RU5YZ2H;
				ENABLE_PREVIEWS = YES;
				GENERATE_INFOPLIST_FILE = YES;
				INFOPLIST_KEY_UIApplicationSceneManifest_Generation = YES;
				INFOPLIST_KEY_UIApplicationSupportsIndirectInputEvents = YES;
				INFOPLIST_KEY_UILaunchScreen_Generation = YES;
				INFOPLIST_KEY_UISupportedInterfaceOrientations_iPad = "UIInterfaceOrientationPortrait UIInterfaceOrientationPortraitUpsideDown UIInterfaceOrientationLandscapeLeft UIInterfaceOrientationLandscapeRight";
				INFOPLIST_KEY_UISupportedInterfaceOrientations_iPhone = "UIInterfaceOrientationPortrait UIInterfaceOrientationLandscapeLeft UIInterfaceOrientationLandscapeRight";
				LD_RUNPATH_SEARCH_PATHS = (
					"$(inherited)",
					"@executable_path/Frameworks",
				);
				MARKETING_VERSION = 1.0;
				PRODUCT_BUNDLE_IDENTIFIER = mgazizova.WorldClock;
				PRODUCT_NAME = "$(TARGET_NAME)";
				SWIFT_EMIT_LOC_STRINGS = YES;
				SWIFT_VERSION = 5.0;
				TARGETED_DEVICE_FAMILY = "1,2";
			};
			name = Release;
		};
/* End XCBuildConfiguration section */

/* Begin XCConfigurationList section */
		1199F74D2CC6959E003D2AA0 /* Build configuration list for PBXProject "WorldClock" */ = {
			isa = XCConfigurationList;
			buildConfigurations = (
				1199F75E2CC6959F003D2AA0 /* Debug */,
				1199F75F2CC6959F003D2AA0 /* Release */,
			);
			defaultConfigurationIsVisible = 0;
			defaultConfigurationName = Release;
		};
		1199F7602CC6959F003D2AA0 /* Build configuration list for PBXNativeTarget "WorldClock" */ = {
			isa = XCConfigurationList;
			buildConfigurations = (
				1199F7612CC6959F003D2AA0 /* Debug */,
				1199F7622CC6959F003D2AA0 /* Release */,
			);
			defaultConfigurationIsVisible = 0;
			defaultConfigurationName = Release;
		};
/* End XCConfigurationList section */
	};
	rootObject = 1199F74A2CC6959E003D2AA0 /* Project object */;
}
